Microsoft Visual Studio Solution File, Format Version 12.00
# Visual Studio Version 17
VisualStudioVersion = 17.0.31903.59
MinimumVisualStudioVersion = 10.0.40219.1
Project("{FAE04EC0-301F-11D3-BF4B-00C04F79EFBC}") = "DimToOff", "src\DimToOff\DimToOff.csproj", "{A53D6D7B-3D5B-4F60-8F04-4FA239B891D0}"
EndProject
Project("{2150E333-8FDC-42A3-9474-1A3956D46DE8}") = "src", "src", "{68419ACB-D48F-43E6-B697-6BF635A5ED1E}"
EndProject
Project("{FAE04EC0-301F-11D3-BF4B-00C04F79EFBC}") = "DimToOff.Settings", "src\DimToOff.Settings\DimToOff.Settings.csproj", "{C3D6C124-33D8-427E-B606-563C57D12670}"
EndProject
Global
	GlobalSection(SolutionConfigurationPlatforms) = preSolution
		Debug|Any CPU = Debug|Any CPU
		Release|Any CPU = Release|Any CPU
	EndGlobalSection
	GlobalSection(ProjectConfigurationPlatforms) = postSolution
		{A53D6D7B-3D5B-4F60-8F04-4FA239B891D0}.Debug|Any CPU.ActiveCfg = Debug|Any CPU
		{A53D6D7B-3D5B-4F60-8F04-4FA239B891D0}.Debug|Any CPU.Build.0 = Debug|Any CPU
		{A53D6D7B-3D5B-4F60-8F04-4FA239B891D0}.Release|Any CPU.ActiveCfg = Release|Any CPU
		{A53D6D7B-3D5B-4F60-8F04-4FA239B891D0}.Release|Any CPU.Build.0 = Release|Any CPU
		{C3D6C124-33D8-427E-B606-563C57D12670}.Debug|Any CPU.ActiveCfg = Debug|Any CPU
		{C3D6C124-33D8-427E-B606-563C57D12670}.Debug|Any CPU.Build.0 = Debug|Any CPU
		{C3D6C124-33D8-427E-B606-563C57D12670}.Release|Any CPU.ActiveCfg = Release|Any CPU
		{C3D6C124-33D8-427E-B606-563C57D12670}.Release|Any CPU.Build.0 = Release|Any CPU
	EndGlobalSection
	GlobalSection(SolutionProperties) = preSolution
		HideSolutionNode = FALSE
	EndGlobalSection
	GlobalSection(NestedProjects) = preSolution
		{C3D6C124-33D8-427E-B606-563C57D12670} = {68419ACB-D48F-43E6-B697-6BF635A5ED1E}
	EndGlobalSection
EndGlobal
